
Microsoft Visual Studio Solution File, Format Version 12.00
# Visual Studio Version 17
VisualStudioVersion = 17.6.33829.357
MinimumVisualStudioVersion = 10.0.40219.1
Project("{2150E333-8FDC-42A3-9474-1A3956D46DE8}") = "Solution Items", "Solution Items", "{B0743EA2-8A24-41AA-A552-476D635A88ED}"
	ProjectSection(SolutionItems) = preProject
		README.md = README.md
	EndProjectSection
EndProject
Project("{9A19103F-16F7-4668-BE54-9A1E7A4F7556}") = "Phoenix", "Phoenix\Phoenix.csproj", "{BD32CE3B-61A5-498C-B8E6-4B3AEF92E604}"
EndProject
Project("{9A19103F-16F7-4668-BE54-9A1E7A4F7556}") = "OpenAIDrive", "OpenAIDrive\OpenAIDrive.csproj", "{544BDB6D-6283-470D-80F0-881B9AA8EC0C}"
EndProject
Project("{9A19103F-16F7-4668-BE54-9A1E7A4F7556}") = "QDrantDrive", "QDrantDrive\QDrantDrive.csproj", "{BCB57405-CD79-4327-9B07-C4D95BB6FACB}"
EndProject
Project("{9A19103F-16F7-4668-BE54-9A1E7A4F7556}") = "VectorDb.Core", "VectorDb.Core\VectorDb.Core.csproj", "{865CB4AD-A89D-4D5D-AD35-7E5F26F94B69}"
EndProject
Project("{9A19103F-16F7-4668-BE54-9A1E7A4F7556}") = "VectorDb.QDrant", "VectorDb.QDrant\VectorDb.QDrant.csproj", "{5B20FAEE-9850-402A-875F-99CD9E0E6369}"
EndProject
Project("{9A19103F-16F7-4668-BE54-9A1E7A4F7556}") = "VectorDb.SQLServer", "VectorDb.SQLServer\VectorDb.SQLServer.csproj", "{7B785AAE-3F29-4181-9CE1-B57F4635F269}"
EndProject
Project("{9A19103F-16F7-4668-BE54-9A1E7A4F7556}") = "EmbeddingEngine.Core", "EmbeddingEngine.Core\EmbeddingEngine.Core.csproj", "{8450DC39-CE41-46CF-9176-6F8BCC17BED6}"
EndProject
Project("{9A19103F-16F7-4668-BE54-9A1E7A4F7556}") = "EmbeddingEngine.OpenAI", "EmbeddingEngine.OpenAI\EmbeddingEngine.OpenAI.csproj", "{2F27C052-2F25-47A3-A9A5-DCB38288FCA4}"
EndProject
Project("{9A19103F-16F7-4668-BE54-9A1E7A4F7556}") = "Tlv.Search.Common", "Tlv.Search.Common\Tlv.Search.Common.csproj", "{2BC2AF82-A580-4ED4-B2D2-A0A2A51BCED5}"
EndProject
Project("{9A19103F-16F7-4668-BE54-9A1E7A4F7556}") = "SKDrive", "SKDrive\SKDrive.csproj", "{9029BA5C-7F86-4119-9317-846A4CE100D2}"
EndProject
Project("{9A19103F-16F7-4668-BE54-9A1E7A4F7556}") = "SKPluginDrive", "SKPluginDrive\SKPluginDrive.csproj", "{89DAD884-FB2E-41BE-A040-3FA94A26AC7E}"
EndProject
Project("{9A19103F-16F7-4668-BE54-9A1E7A4F7556}") = "EmbeddingEngine.Gemini", "EmbeddingEngine.Gemini\EmbeddingEngine.Gemini.csproj", "{C4E7A598-B83B-4038-A8EE-D7F2CF600F19}"
EndProject
Project("{9A19103F-16F7-4668-BE54-9A1E7A4F7556}") = "Tlv.Search.Tests", "Tlv.Search.Tests\Tlv.Search.Tests.csproj", "{2603ECFC-5E92-4C89-9660-EEC9C97AAA4D}"
EndProject
Project("{9A19103F-16F7-4668-BE54-9A1E7A4F7556}") = "SKRAGDrive", "SKRAGDrive\SKRAGDrive.csproj", "{D1E0A713-C9BD-47C9-8E30-C20C6C27A839}"
EndProject
Project("{9A19103F-16F7-4668-BE54-9A1E7A4F7556}") = "OpenAiStream", "OpenAiStream\OpenAiStream.csproj", "{FBBB5C11-933F-4999-9303-06CF92C674AA}"
EndProject
Project("{9A19103F-16F7-4668-BE54-9A1E7A4F7556}") = "EmbeddingEngine.HuggingFace", "EmbeddingEngine.HuggingFace\EmbeddingEngine.HuggingFace.csproj", "{450355C2-8BAE-4BEB-BF44-7EA605730D81}"
EndProject
Project("{9A19103F-16F7-4668-BE54-9A1E7A4F7556}") = "EmbeddingEngine.AlephAlpha", "EmbeddingEngine.AlephAlpha\EmbeddingEngine.AlephAlpha.csproj", "{94C29591-8C63-4584-9E12-00C3DD6EB8D2}"
EndProject
Project("{9A19103F-16F7-4668-BE54-9A1E7A4F7556}") = "Tlv.Search.SQL", "Tlv.Search.SQL\Tlv.Search.SQL.csproj", "{F034ACE5-9E1D-447C-B584-472E95DC1FEF}"
EndProject
Project("{9A19103F-16F7-4668-BE54-9A1E7A4F7556}") = "Tlv.Search", "Tlv.Search\Tlv.Search.csproj", "{5864823A-32F4-4800-8C1A-FCC3B56252F5}"
EndProject
Project("{2150E333-8FDC-42A3-9474-1A3956D46DE8}") = "experiments", "experiments", "{DA8E8B66-6DFD-45BC-AF82-BA15EEF87BA2}"
EndProject
Project("{2150E333-8FDC-42A3-9474-1A3956D46DE8}") = "VectorDbFramework", "VectorDbFramework", "{A60F7B49-1B46-4C50-BF49-20731A10270D}"
EndProject
Project("{2150E333-8FDC-42A3-9474-1A3956D46DE8}") = "EmbeddingEngineFramework", "EmbeddingEngineFramework", "{6055FD47-7DA0-4A02-8EC1-E38D5F18B4B0}"
EndProject
Project("{9A19103F-16F7-4668-BE54-9A1E7A4F7556}") = "Scrapper", "Scrapper\Scrapper.csproj", "{FBA87A38-B6FF-48A1-8CCF-E6CE5D1A5103}"
EndProject
Project("{9A19103F-16F7-4668-BE54-9A1E7A4F7556}") = "PyIncluded.Drive", "PyIncluded.Drive\PyIncluded.Drive.csproj", "{CD849CA3-CBAD-462A-9E15-B155E0FD01B9}"
EndProject
Project("{FAE04EC0-301F-11D3-BF4B-00C04F79EFBC}") = "EventsIngestor", "EventsIngestor\EventsIngestor.csproj", "{F71CE208-60CD-4363-A5B9-F00192039DFD}"
EndProject
Global
	GlobalSection(SolutionConfigurationPlatforms) = preSolution
		Debug|Any CPU = Debug|Any CPU
		Release|Any CPU = Release|Any CPU
	EndGlobalSection
	GlobalSection(ProjectConfigurationPlatforms) = postSolution
		{BD32CE3B-61A5-498C-B8E6-4B3AEF92E604}.Debug|Any CPU.ActiveCfg = Debug|Any CPU
		{BD32CE3B-61A5-498C-B8E6-4B3AEF92E604}.Debug|Any CPU.Build.0 = Debug|Any CPU
		{BD32CE3B-61A5-498C-B8E6-4B3AEF92E604}.Release|Any CPU.ActiveCfg = Release|Any CPU
		{BD32CE3B-61A5-498C-B8E6-4B3AEF92E604}.Release|Any CPU.Build.0 = Release|Any CPU
		{544BDB6D-6283-470D-80F0-881B9AA8EC0C}.Debug|Any CPU.ActiveCfg = Debug|Any CPU
		{544BDB6D-6283-470D-80F0-881B9AA8EC0C}.Debug|Any CPU.Build.0 = Debug|Any CPU
		{544BDB6D-6283-470D-80F0-881B9AA8EC0C}.Release|Any CPU.ActiveCfg = Release|Any CPU
		{544BDB6D-6283-470D-80F0-881B9AA8EC0C}.Release|Any CPU.Build.0 = Release|Any CPU
		{BCB57405-CD79-4327-9B07-C4D95BB6FACB}.Debug|Any CPU.ActiveCfg = Debug|Any CPU
		{BCB57405-CD79-4327-9B07-C4D95BB6FACB}.Debug|Any CPU.Build.0 = Debug|Any CPU
		{BCB57405-CD79-4327-9B07-C4D95BB6FACB}.Release|Any CPU.ActiveCfg = Release|Any CPU
		{BCB57405-CD79-4327-9B07-C4D95BB6FACB}.Release|Any CPU.Build.0 = Release|Any CPU
		{865CB4AD-A89D-4D5D-AD35-7E5F26F94B69}.Debug|Any CPU.ActiveCfg = Debug|Any CPU
		{865CB4AD-A89D-4D5D-AD35-7E5F26F94B69}.Debug|Any CPU.Build.0 = Debug|Any CPU
		{865CB4AD-A89D-4D5D-AD35-7E5F26F94B69}.Release|Any CPU.ActiveCfg = Release|Any CPU
		{865CB4AD-A89D-4D5D-AD35-7E5F26F94B69}.Release|Any CPU.Build.0 = Release|Any CPU
		{5B20FAEE-9850-402A-875F-99CD9E0E6369}.Debug|Any CPU.ActiveCfg = Debug|Any CPU
		{5B20FAEE-9850-402A-875F-99CD9E0E6369}.Debug|Any CPU.Build.0 = Debug|Any CPU
		{5B20FAEE-9850-402A-875F-99CD9E0E6369}.Release|Any CPU.ActiveCfg = Release|Any CPU
		{5B20FAEE-9850-402A-875F-99CD9E0E6369}.Release|Any CPU.Build.0 = Release|Any CPU
		{7B785AAE-3F29-4181-9CE1-B57F4635F269}.Debug|Any CPU.ActiveCfg = Debug|Any CPU
		{7B785AAE-3F29-4181-9CE1-B57F4635F269}.Debug|Any CPU.Build.0 = Debug|Any CPU
		{7B785AAE-3F29-4181-9CE1-B57F4635F269}.Release|Any CPU.ActiveCfg = Release|Any CPU
		{7B785AAE-3F29-4181-9CE1-B57F4635F269}.Release|Any CPU.Build.0 = Release|Any CPU
		{8450DC39-CE41-46CF-9176-6F8BCC17BED6}.Debug|Any CPU.ActiveCfg = Debug|Any CPU
		{8450DC39-CE41-46CF-9176-6F8BCC17BED6}.Debug|Any CPU.Build.0 = Debug|Any CPU
		{8450DC39-CE41-46CF-9176-6F8BCC17BED6}.Release|Any CPU.ActiveCfg = Release|Any CPU
		{8450DC39-CE41-46CF-9176-6F8BCC17BED6}.Release|Any CPU.Build.0 = Release|Any CPU
		{2F27C052-2F25-47A3-A9A5-DCB38288FCA4}.Debug|Any CPU.ActiveCfg = Debug|Any CPU
		{2F27C052-2F25-47A3-A9A5-DCB38288FCA4}.Debug|Any CPU.Build.0 = Debug|Any CPU
		{2F27C052-2F25-47A3-A9A5-DCB38288FCA4}.Release|Any CPU.ActiveCfg = Release|Any CPU
		{2F27C052-2F25-47A3-A9A5-DCB38288FCA4}.Release|Any CPU.Build.0 = Release|Any CPU
		{2BC2AF82-A580-4ED4-B2D2-A0A2A51BCED5}.Debug|Any CPU.ActiveCfg = Debug|Any CPU
		{2BC2AF82-A580-4ED4-B2D2-A0A2A51BCED5}.Debug|Any CPU.Build.0 = Debug|Any CPU
		{2BC2AF82-A580-4ED4-B2D2-A0A2A51BCED5}.Release|Any CPU.ActiveCfg = Release|Any CPU
		{2BC2AF82-A580-4ED4-B2D2-A0A2A51BCED5}.Release|Any CPU.Build.0 = Release|Any CPU
		{9029BA5C-7F86-4119-9317-846A4CE100D2}.Debug|Any CPU.ActiveCfg = Debug|Any CPU
		{9029BA5C-7F86-4119-9317-846A4CE100D2}.Debug|Any CPU.Build.0 = Debug|Any CPU
		{9029BA5C-7F86-4119-9317-846A4CE100D2}.Release|Any CPU.ActiveCfg = Release|Any CPU
		{9029BA5C-7F86-4119-9317-846A4CE100D2}.Release|Any CPU.Build.0 = Release|Any CPU
		{89DAD884-FB2E-41BE-A040-3FA94A26AC7E}.Debug|Any CPU.ActiveCfg = Debug|Any CPU
		{89DAD884-FB2E-41BE-A040-3FA94A26AC7E}.Debug|Any CPU.Build.0 = Debug|Any CPU
		{89DAD884-FB2E-41BE-A040-3FA94A26AC7E}.Release|Any CPU.ActiveCfg = Release|Any CPU
		{89DAD884-FB2E-41BE-A040-3FA94A26AC7E}.Release|Any CPU.Build.0 = Release|Any CPU
		{C4E7A598-B83B-4038-A8EE-D7F2CF600F19}.Debug|Any CPU.ActiveCfg = Debug|Any CPU
		{C4E7A598-B83B-4038-A8EE-D7F2CF600F19}.Debug|Any CPU.Build.0 = Debug|Any CPU
		{C4E7A598-B83B-4038-A8EE-D7F2CF600F19}.Release|Any CPU.ActiveCfg = Release|Any CPU
		{C4E7A598-B83B-4038-A8EE-D7F2CF600F19}.Release|Any CPU.Build.0 = Release|Any CPU
		{2603ECFC-5E92-4C89-9660-EEC9C97AAA4D}.Debug|Any CPU.ActiveCfg = Debug|Any CPU
		{2603ECFC-5E92-4C89-9660-EEC9C97AAA4D}.Debug|Any CPU.Build.0 = Debug|Any CPU
		{2603ECFC-5E92-4C89-9660-EEC9C97AAA4D}.Release|Any CPU.ActiveCfg = Release|Any CPU
		{2603ECFC-5E92-4C89-9660-EEC9C97AAA4D}.Release|Any CPU.Build.0 = Release|Any CPU
		{D1E0A713-C9BD-47C9-8E30-C20C6C27A839}.Debug|Any CPU.ActiveCfg = Debug|Any CPU
		{D1E0A713-C9BD-47C9-8E30-C20C6C27A839}.Debug|Any CPU.Build.0 = Debug|Any CPU
		{D1E0A713-C9BD-47C9-8E30-C20C6C27A839}.Release|Any CPU.ActiveCfg = Release|Any CPU
		{D1E0A713-C9BD-47C9-8E30-C20C6C27A839}.Release|Any CPU.Build.0 = Release|Any CPU
		{FBBB5C11-933F-4999-9303-06CF92C674AA}.Debug|Any CPU.ActiveCfg = Debug|Any CPU
		{FBBB5C11-933F-4999-9303-06CF92C674AA}.Debug|Any CPU.Build.0 = Debug|Any CPU
		{FBBB5C11-933F-4999-9303-06CF92C674AA}.Release|Any CPU.ActiveCfg = Release|Any CPU
		{FBBB5C11-933F-4999-9303-06CF92C674AA}.Release|Any CPU.Build.0 = Release|Any CPU
		{450355C2-8BAE-4BEB-BF44-7EA605730D81}.Debug|Any CPU.ActiveCfg = Debug|Any CPU
		{450355C2-8BAE-4BEB-BF44-7EA605730D81}.Debug|Any CPU.Build.0 = Debug|Any CPU
		{450355C2-8BAE-4BEB-BF44-7EA605730D81}.Release|Any CPU.ActiveCfg = Release|Any CPU
		{450355C2-8BAE-4BEB-BF44-7EA605730D81}.Release|Any CPU.Build.0 = Release|Any CPU
		{94C29591-8C63-4584-9E12-00C3DD6EB8D2}.Debug|Any CPU.ActiveCfg = Debug|Any CPU
		{94C29591-8C63-4584-9E12-00C3DD6EB8D2}.Debug|Any CPU.Build.0 = Debug|Any CPU
		{94C29591-8C63-4584-9E12-00C3DD6EB8D2}.Release|Any CPU.ActiveCfg = Release|Any CPU
		{94C29591-8C63-4584-9E12-00C3DD6EB8D2}.Release|Any CPU.Build.0 = Release|Any CPU
		{F034ACE5-9E1D-447C-B584-472E95DC1FEF}.Debug|Any CPU.ActiveCfg = Debug|Any CPU
		{F034ACE5-9E1D-447C-B584-472E95DC1FEF}.Debug|Any CPU.Build.0 = Debug|Any CPU
		{F034ACE5-9E1D-447C-B584-472E95DC1FEF}.Release|Any CPU.ActiveCfg = Release|Any CPU
		{F034ACE5-9E1D-447C-B584-472E95DC1FEF}.Release|Any CPU.Build.0 = Release|Any CPU
		{5864823A-32F4-4800-8C1A-FCC3B56252F5}.Debug|Any CPU.ActiveCfg = Debug|Any CPU
		{5864823A-32F4-4800-8C1A-FCC3B56252F5}.Debug|Any CPU.Build.0 = Debug|Any CPU
		{5864823A-32F4-4800-8C1A-FCC3B56252F5}.Release|Any CPU.ActiveCfg = Release|Any CPU
		{5864823A-32F4-4800-8C1A-FCC3B56252F5}.Release|Any CPU.Build.0 = Release|Any CPU
		{FBA87A38-B6FF-48A1-8CCF-E6CE5D1A5103}.Debug|Any CPU.ActiveCfg = Debug|Any CPU
		{FBA87A38-B6FF-48A1-8CCF-E6CE5D1A5103}.Debug|Any CPU.Build.0 = Debug|Any CPU
		{FBA87A38-B6FF-48A1-8CCF-E6CE5D1A5103}.Release|Any CPU.ActiveCfg = Release|Any CPU
		{FBA87A38-B6FF-48A1-8CCF-E6CE5D1A5103}.Release|Any CPU.Build.0 = Release|Any CPU
		{CD849CA3-CBAD-462A-9E15-B155E0FD01B9}.Debug|Any CPU.ActiveCfg = Debug|Any CPU
		{CD849CA3-CBAD-462A-9E15-B155E0FD01B9}.Debug|Any CPU.Build.0 = Debug|Any CPU
		{CD849CA3-CBAD-462A-9E15-B155E0FD01B9}.Release|Any CPU.ActiveCfg = Release|Any CPU
		{CD849CA3-CBAD-462A-9E15-B155E0FD01B9}.Release|Any CPU.Build.0 = Release|Any CPU
		{F71CE208-60CD-4363-A5B9-F00192039DFD}.Debug|Any CPU.ActiveCfg = Debug|Any CPU
		{F71CE208-60CD-4363-A5B9-F00192039DFD}.Debug|Any CPU.Build.0 = Debug|Any CPU
		{F71CE208-60CD-4363-A5B9-F00192039DFD}.Release|Any CPU.ActiveCfg = Release|Any CPU
		{F71CE208-60CD-4363-A5B9-F00192039DFD}.Release|Any CPU.Build.0 = Release|Any CPU
	EndGlobalSection
	GlobalSection(SolutionProperties) = preSolution
		HideSolutionNode = FALSE
	EndGlobalSection
	GlobalSection(NestedProjects) = preSolution
		{BD32CE3B-61A5-498C-B8E6-4B3AEF92E604} = {DA8E8B66-6DFD-45BC-AF82-BA15EEF87BA2}
		{544BDB6D-6283-470D-80F0-881B9AA8EC0C} = {DA8E8B66-6DFD-45BC-AF82-BA15EEF87BA2}
		{BCB57405-CD79-4327-9B07-C4D95BB6FACB} = {DA8E8B66-6DFD-45BC-AF82-BA15EEF87BA2}
		{865CB4AD-A89D-4D5D-AD35-7E5F26F94B69} = {A60F7B49-1B46-4C50-BF49-20731A10270D}
		{5B20FAEE-9850-402A-875F-99CD9E0E6369} = {A60F7B49-1B46-4C50-BF49-20731A10270D}
		{7B785AAE-3F29-4181-9CE1-B57F4635F269} = {A60F7B49-1B46-4C50-BF49-20731A10270D}
		{8450DC39-CE41-46CF-9176-6F8BCC17BED6} = {6055FD47-7DA0-4A02-8EC1-E38D5F18B4B0}
		{2F27C052-2F25-47A3-A9A5-DCB38288FCA4} = {6055FD47-7DA0-4A02-8EC1-E38D5F18B4B0}
		{9029BA5C-7F86-4119-9317-846A4CE100D2} = {DA8E8B66-6DFD-45BC-AF82-BA15EEF87BA2}
		{89DAD884-FB2E-41BE-A040-3FA94A26AC7E} = {DA8E8B66-6DFD-45BC-AF82-BA15EEF87BA2}
		{C4E7A598-B83B-4038-A8EE-D7F2CF600F19} = {6055FD47-7DA0-4A02-8EC1-E38D5F18B4B0}
		{D1E0A713-C9BD-47C9-8E30-C20C6C27A839} = {DA8E8B66-6DFD-45BC-AF82-BA15EEF87BA2}
		{FBBB5C11-933F-4999-9303-06CF92C674AA} = {DA8E8B66-6DFD-45BC-AF82-BA15EEF87BA2}
		{450355C2-8BAE-4BEB-BF44-7EA605730D81} = {6055FD47-7DA0-4A02-8EC1-E38D5F18B4B0}
		{94C29591-8C63-4584-9E12-00C3DD6EB8D2} = {6055FD47-7DA0-4A02-8EC1-E38D5F18B4B0}
		{F034ACE5-9E1D-447C-B584-472E95DC1FEF} = {DA8E8B66-6DFD-45BC-AF82-BA15EEF87BA2}
		{CD849CA3-CBAD-462A-9E15-B155E0FD01B9} = {DA8E8B66-6DFD-45BC-AF82-BA15EEF87BA2}
		{BF294AFA-B3AE-4A2B-9CF6-F3BAC9270A93} = {DA8E8B66-6DFD-45BC-AF82-BA15EEF87BA2}
		{DD758F78-BA56-4CFD-8AE8-E0A2532D9F61} = {DA8E8B66-6DFD-45BC-AF82-BA15EEF87BA2}
	EndGlobalSection
	GlobalSection(ExtensibilityGlobals) = postSolution
		SolutionGuid = {CDBAA259-8F69-43F6-9322-CE16CD9464A1}
	EndGlobalSection
EndGlobal
